
Microsoft Visual Studio Solution File, Format Version 12.00
# Visual Studio Version 16
VisualStudioVersion = 16.0.31205.134
MinimumVisualStudioVersion = 10.0.40219.1
Project("{FAE04EC0-301F-11D3-BF4B-00C04F79EFBC}") = "HackerRank", "HackerRank\HackerRank.csproj", "{2B9215E6-7876-41AD-985E-28CB93191626}"
EndProject
Global
	GlobalSection(SolutionConfigurationPlatforms) = preSolution
		Debug|Any CPU = Debug|Any CPU
		Release|Any CPU = Release|Any CPU
	EndGlobalSection
	GlobalSection(ProjectConfigurationPlatforms) = postSolution
		{2B9215E6-7876-41AD-985E-28CB93191626}.Debug|Any CPU.ActiveCfg = Debug|Any CPU
		{2B9215E6-7876-41AD-985E-28CB93191626}.Debug|Any CPU.Build.0 = Debug|Any CPU
		{2B9215E6-7876-41AD-985E-28CB93191626}.Release|Any CPU.ActiveCfg = Release|Any CPU
		{2B9215E6-7876-41AD-985E-28CB93191626}.Release|Any CPU.Build.0 = Release|Any CPU
	EndGlobalSection
	GlobalSection(SolutionProperties) = preSolution
		HideSolutionNode = FALSE
	EndGlobalSection
	GlobalSection(ExtensibilityGlobals) = postSolution
		SolutionGuid = {7E6EC0B4-E139-482C-A56C-2378B3AF12FD}
	EndGlobalSection
EndGlobal
